
Microsoft Visual Studio Solution File, Format Version 12.00
# Visual Studio Version 17
VisualStudioVersion = 17.12.35527.113
MinimumVisualStudioVersion = 10.0.40219.1
Project("{FAE04EC0-301F-11D3-BF4B-00C04F79EFBC}") = "ConfigurableBeaverWalk", "ConfigurableBeaverWalk\ConfigurableBeaverWalk.csproj", "{B3789C87-5409-4F45-A0BF-39BE0BEADAF2}"
EndProject
Project("{2150E333-8FDC-42A3-9474-1A3956D46DE8}") = "Solution Items", "Solution Items", "{F8D652F8-309B-4D55-B138-86DF92959C02}"
	ProjectSection(SolutionItems) = preProject
		Common.target = Common.target
	EndProjectSection
EndProject
Project("{FAE04EC0-301F-11D3-BF4B-00C04F79EFBC}") = "ConfigurableStorages", "ConfigurableStorages\ConfigurableStorages.csproj", "{A58730DB-2E1E-4B19-A793-FB710DF27F99}"
EndProject
Project("{FAE04EC0-301F-11D3-BF4B-00C04F79EFBC}") = "InstantBuild", "InstantBuild\InstantBuild.csproj", "{D1F43CB1-BCFE-4149-81DA-AE5EE16CBC0E}"
EndProject
Project("{FAE04EC0-301F-11D3-BF4B-00C04F79EFBC}") = "AlwaysFlexibleStart", "AlwaysFlexibleStart\AlwaysFlexibleStart.csproj", "{4FA87CBB-326E-4356-8683-4DD81F1E5906}"
EndProject
Project("{FAE04EC0-301F-11D3-BF4B-00C04F79EFBC}") = "ConfigurableGrowth", "ConfigurableGrowth\ConfigurableGrowth.csproj", "{5D79321A-098E-4C2E-8186-7AF040C3FDDD}"
EndProject
Project("{FAE04EC0-301F-11D3-BF4B-00C04F79EFBC}") = "ConstantWind", "ConstantWind\ConstantWind.csproj", "{CB24A4D1-1D54-497E-938F-B00D365F7C76}"
EndProject
Project("{FAE04EC0-301F-11D3-BF4B-00C04F79EFBC}") = "HealthyBeavers", "HealthyBeavers\HealthyBeavers.csproj", "{F68B05AA-98A4-469C-AB0F-BDD7CB6A9529}"
EndProject
Project("{FAE04EC0-301F-11D3-BF4B-00C04F79EFBC}") = "UnlimitedDistrictRange", "UnlimitedDistrictRange\UnlimitedDistrictRange.csproj", "{DB8E7FC0-25CA-41BC-A701-EBEFBD7984EA}"
EndProject
Project("{FAE04EC0-301F-11D3-BF4B-00C04F79EFBC}") = "ToggleAllMods", "ToggleAllMods\ToggleAllMods.csproj", "{C0D8E80B-3123-49C1-8013-B35A1A44DC07}"
EndProject
Project("{FAE04EC0-301F-11D3-BF4B-00C04F79EFBC}") = "UnlimitedMapSize", "UnlimitedMapSize\UnlimitedMapSize.csproj", "{8DD79C58-FE21-49B2-9B6D-A418BFC188BC}"
EndProject
Project("{FAE04EC0-301F-11D3-BF4B-00C04F79EFBC}") = "CutAllTrees", "CutAllTrees\CutAllTrees.csproj", "{62BF7678-001B-495B-B603-D2193ED9D48A}"
EndProject
Project("{FAE04EC0-301F-11D3-BF4B-00C04F79EFBC}") = "AlwaysConnected", "AlwaysConnected\AlwaysConnected.csproj", "{A98A70FA-113F-469B-B9BE-F275901A2DEC}"
EndProject
Global
	GlobalSection(SolutionConfigurationPlatforms) = preSolution
		Debug|Any CPU = Debug|Any CPU
		Release|Any CPU = Release|Any CPU
	EndGlobalSection
	GlobalSection(ProjectConfigurationPlatforms) = postSolution
		{B3789C87-5409-4F45-A0BF-39BE0BEADAF2}.Debug|Any CPU.ActiveCfg = Debug|Any CPU
		{B3789C87-5409-4F45-A0BF-39BE0BEADAF2}.Debug|Any CPU.Build.0 = Debug|Any CPU
		{B3789C87-5409-4F45-A0BF-39BE0BEADAF2}.Release|Any CPU.ActiveCfg = Release|Any CPU
		{B3789C87-5409-4F45-A0BF-39BE0BEADAF2}.Release|Any CPU.Build.0 = Release|Any CPU
		{A58730DB-2E1E-4B19-A793-FB710DF27F99}.Debug|Any CPU.ActiveCfg = Debug|Any CPU
		{A58730DB-2E1E-4B19-A793-FB710DF27F99}.Debug|Any CPU.Build.0 = Debug|Any CPU
		{A58730DB-2E1E-4B19-A793-FB710DF27F99}.Release|Any CPU.ActiveCfg = Release|Any CPU
		{A58730DB-2E1E-4B19-A793-FB710DF27F99}.Release|Any CPU.Build.0 = Release|Any CPU
		{D1F43CB1-BCFE-4149-81DA-AE5EE16CBC0E}.Debug|Any CPU.ActiveCfg = Debug|Any CPU
		{D1F43CB1-BCFE-4149-81DA-AE5EE16CBC0E}.Debug|Any CPU.Build.0 = Debug|Any CPU
		{D1F43CB1-BCFE-4149-81DA-AE5EE16CBC0E}.Release|Any CPU.ActiveCfg = Release|Any CPU
		{D1F43CB1-BCFE-4149-81DA-AE5EE16CBC0E}.Release|Any CPU.Build.0 = Release|Any CPU
		{4FA87CBB-326E-4356-8683-4DD81F1E5906}.Debug|Any CPU.ActiveCfg = Debug|Any CPU
		{4FA87CBB-326E-4356-8683-4DD81F1E5906}.Debug|Any CPU.Build.0 = Debug|Any CPU
		{4FA87CBB-326E-4356-8683-4DD81F1E5906}.Release|Any CPU.ActiveCfg = Release|Any CPU
		{4FA87CBB-326E-4356-8683-4DD81F1E5906}.Release|Any CPU.Build.0 = Release|Any CPU
		{5D79321A-098E-4C2E-8186-7AF040C3FDDD}.Debug|Any CPU.ActiveCfg = Debug|Any CPU
		{5D79321A-098E-4C2E-8186-7AF040C3FDDD}.Debug|Any CPU.Build.0 = Debug|Any CPU
		{5D79321A-098E-4C2E-8186-7AF040C3FDDD}.Release|Any CPU.ActiveCfg = Release|Any CPU
		{5D79321A-098E-4C2E-8186-7AF040C3FDDD}.Release|Any CPU.Build.0 = Release|Any CPU
		{CB24A4D1-1D54-497E-938F-B00D365F7C76}.Debug|Any CPU.ActiveCfg = Debug|Any CPU
		{CB24A4D1-1D54-497E-938F-B00D365F7C76}.Debug|Any CPU.Build.0 = Debug|Any CPU
		{CB24A4D1-1D54-497E-938F-B00D365F7C76}.Release|Any CPU.ActiveCfg = Release|Any CPU
		{CB24A4D1-1D54-497E-938F-B00D365F7C76}.Release|Any CPU.Build.0 = Release|Any CPU
		{F68B05AA-98A4-469C-AB0F-BDD7CB6A9529}.Debug|Any CPU.ActiveCfg = Debug|Any CPU
		{F68B05AA-98A4-469C-AB0F-BDD7CB6A9529}.Debug|Any CPU.Build.0 = Debug|Any CPU
		{F68B05AA-98A4-469C-AB0F-BDD7CB6A9529}.Release|Any CPU.ActiveCfg = Release|Any CPU
		{F68B05AA-98A4-469C-AB0F-BDD7CB6A9529}.Release|Any CPU.Build.0 = Release|Any CPU
		{DB8E7FC0-25CA-41BC-A701-EBEFBD7984EA}.Debug|Any CPU.ActiveCfg = Debug|Any CPU
		{DB8E7FC0-25CA-41BC-A701-EBEFBD7984EA}.Debug|Any CPU.Build.0 = Debug|Any CPU
		{DB8E7FC0-25CA-41BC-A701-EBEFBD7984EA}.Release|Any CPU.ActiveCfg = Release|Any CPU
		{DB8E7FC0-25CA-41BC-A701-EBEFBD7984EA}.Release|Any CPU.Build.0 = Release|Any CPU
		{C0D8E80B-3123-49C1-8013-B35A1A44DC07}.Debug|Any CPU.ActiveCfg = Debug|Any CPU
		{C0D8E80B-3123-49C1-8013-B35A1A44DC07}.Debug|Any CPU.Build.0 = Debug|Any CPU
		{C0D8E80B-3123-49C1-8013-B35A1A44DC07}.Release|Any CPU.ActiveCfg = Release|Any CPU
		{C0D8E80B-3123-49C1-8013-B35A1A44DC07}.Release|Any CPU.Build.0 = Release|Any CPU
		{8DD79C58-FE21-49B2-9B6D-A418BFC188BC}.Debug|Any CPU.ActiveCfg = Debug|Any CPU
		{8DD79C58-FE21-49B2-9B6D-A418BFC188BC}.Debug|Any CPU.Build.0 = Debug|Any CPU
		{8DD79C58-FE21-49B2-9B6D-A418BFC188BC}.Release|Any CPU.ActiveCfg = Release|Any CPU
		{8DD79C58-FE21-49B2-9B6D-A418BFC188BC}.Release|Any CPU.Build.0 = Release|Any CPU
		{62BF7678-001B-495B-B603-D2193ED9D48A}.Debug|Any CPU.ActiveCfg = Debug|Any CPU
		{62BF7678-001B-495B-B603-D2193ED9D48A}.Debug|Any CPU.Build.0 = Debug|Any CPU
		{62BF7678-001B-495B-B603-D2193ED9D48A}.Release|Any CPU.ActiveCfg = Release|Any CPU
		{62BF7678-001B-495B-B603-D2193ED9D48A}.Release|Any CPU.Build.0 = Release|Any CPU
		{A98A70FA-113F-469B-B9BE-F275901A2DEC}.Debug|Any CPU.ActiveCfg = Debug|Any CPU
		{A98A70FA-113F-469B-B9BE-F275901A2DEC}.Debug|Any CPU.Build.0 = Debug|Any CPU
		{A98A70FA-113F-469B-B9BE-F275901A2DEC}.Release|Any CPU.ActiveCfg = Release|Any CPU
		{A98A70FA-113F-469B-B9BE-F275901A2DEC}.Release|Any CPU.Build.0 = Release|Any CPU
	EndGlobalSection
	GlobalSection(SolutionProperties) = preSolution
		HideSolutionNode = FALSE
	EndGlobalSection
EndGlobal
